
Microsoft Visual Studio Solution File, Format Version 12.00
# Visual Studio Version 16
VisualStudioVersion = 16.0.808.10
MinimumVisualStudioVersion = 10.0.40219.1
Project("{FAE04EC0-301F-11D3-BF4B-00C04F79EFBC}") = "TestFunctionProject", "TestFunctionProject\TestFunctionProject.csproj", "{0A5E656A-A302-4410-9EF4-F85C371591DF}"
EndProject
Global
	GlobalSection(SolutionConfigurationPlatforms) = preSolution
		Debug|Any CPU = Debug|Any CPU
		Release|Any CPU = Release|Any CPU
	EndGlobalSection
	GlobalSection(ProjectConfigurationPlatforms) = postSolution
		{0A5E656A-A302-4410-9EF4-F85C371591DF}.Debug|Any CPU.ActiveCfg = Debug|Any CPU
		{0A5E656A-A302-4410-9EF4-F85C371591DF}.Debug|Any CPU.Build.0 = Debug|Any CPU
		{0A5E656A-A302-4410-9EF4-F85C371591DF}.Release|Any CPU.ActiveCfg = Release|Any CPU
		{0A5E656A-A302-4410-9EF4-F85C371591DF}.Release|Any CPU.Build.0 = Release|Any CPU
	EndGlobalSection
	GlobalSection(SolutionProperties) = preSolution
		HideSolutionNode = FALSE
	EndGlobalSection
	GlobalSection(ExtensibilityGlobals) = postSolution
		SolutionGuid = {E0F99CB9-6B29-4459-B3C4-96598CEB8D44}
	EndGlobalSection
EndGlobal
